
Microsoft Visual Studio Solution File, Format Version 12.00
# Visual Studio Version 17
VisualStudioVersion = 17.2.32630.192
MinimumVisualStudioVersion = 10.0.40219.1
Project("{FAE04EC0-301F-11D3-BF4B-00C04F79EFBC}") = "TileToMission", "TileToMission\TileToMission.csproj", "{BF960527-6F31-4D11-ADB6-F53BE9B71881}"
EndProject
Global
	GlobalSection(SolutionConfigurationPlatforms) = preSolution
		Debug|Any CPU = Debug|Any CPU
		Release|Any CPU = Release|Any CPU
	EndGlobalSection
	GlobalSection(ProjectConfigurationPlatforms) = postSolution
		{BF960527-6F31-4D11-ADB6-F53BE9B71881}.Debug|Any CPU.ActiveCfg = Debug|Any CPU
		{BF960527-6F31-4D11-ADB6-F53BE9B71881}.Debug|Any CPU.Build.0 = Debug|Any CPU
		{BF960527-6F31-4D11-ADB6-F53BE9B71881}.Release|Any CPU.ActiveCfg = Release|Any CPU
		{BF960527-6F31-4D11-ADB6-F53BE9B71881}.Release|Any CPU.Build.0 = Release|Any CPU
	EndGlobalSection
	GlobalSection(SolutionProperties) = preSolution
		HideSolutionNode = FALSE
	EndGlobalSection
	GlobalSection(ExtensibilityGlobals) = postSolution
		SolutionGuid = {C9F80C52-010D-4F95-A04E-98AE94575464}
	EndGlobalSection
EndGlobal
